
Microsoft Visual Studio Solution File, Format Version 12.00
# Visual Studio Version 16
VisualStudioVersion = 16.0.30907.101
MinimumVisualStudioVersion = 10.0.40219.1
Project("{FAE04EC0-301F-11D3-BF4B-00C04F79EFBC}") = "ThreadPoolLib", "ThreadPoolLib\ThreadPoolLib.csproj", "{095DCCA8-BBC6-448D-A56A-78AE9B388049}"
EndProject
Project("{FAE04EC0-301F-11D3-BF4B-00C04F79EFBC}") = "ThreadPoolLib.UnitTests", "ThreadPoolLib.UnitTests\ThreadPoolLib.UnitTests.csproj", "{4DAD155A-60A9-4007-8083-5705E2177CB1}"
EndProject
Global
	GlobalSection(SolutionConfigurationPlatforms) = preSolution
		Debug|Any CPU = Debug|Any CPU
		Release|Any CPU = Release|Any CPU
	EndGlobalSection
	GlobalSection(ProjectConfigurationPlatforms) = postSolution
		{095DCCA8-BBC6-448D-A56A-78AE9B388049}.Debug|Any CPU.ActiveCfg = Debug|Any CPU
		{095DCCA8-BBC6-448D-A56A-78AE9B388049}.Debug|Any CPU.Build.0 = Debug|Any CPU
		{095DCCA8-BBC6-448D-A56A-78AE9B388049}.Release|Any CPU.ActiveCfg = Release|Any CPU
		{095DCCA8-BBC6-448D-A56A-78AE9B388049}.Release|Any CPU.Build.0 = Release|Any CPU
		{4DAD155A-60A9-4007-8083-5705E2177CB1}.Debug|Any CPU.ActiveCfg = Debug|Any CPU
		{4DAD155A-60A9-4007-8083-5705E2177CB1}.Debug|Any CPU.Build.0 = Debug|Any CPU
		{4DAD155A-60A9-4007-8083-5705E2177CB1}.Release|Any CPU.ActiveCfg = Release|Any CPU
		{4DAD155A-60A9-4007-8083-5705E2177CB1}.Release|Any CPU.Build.0 = Release|Any CPU
	EndGlobalSection
	GlobalSection(SolutionProperties) = preSolution
		HideSolutionNode = FALSE
	EndGlobalSection
	GlobalSection(ExtensibilityGlobals) = postSolution
		SolutionGuid = {3583702B-78EC-49F6-8798-91AA49933FD6}
	EndGlobalSection
EndGlobal
